
Microsoft Visual Studio Solution File, Format Version 12.00
# Visual Studio 15
VisualStudioVersion = 15.0.28307.1022
MinimumVisualStudioVersion = 10.0.40219.1
Project("{FAE04EC0-301F-11D3-BF4B-00C04F79EFBC}") = "Tekla.Structures.RPT", "Tekla.Structures.RPT\Tekla.Structures.RPT.csproj", "{D09D1A47-79AA-42B2-9AD9-C854F0DED986}"
EndProject
Project("{FAE04EC0-301F-11D3-BF4B-00C04F79EFBC}") = "Tekla.Structures.RPT.Tests", "Tekla.Structures.RPT.Tests\Tekla.Structures.RPT.Tests.csproj", "{52239AF9-CEAE-42ED-87E4-9F253726AC03}"
EndProject
Global
	GlobalSection(SolutionConfigurationPlatforms) = preSolution
		Debug|Any CPU = Debug|Any CPU
		Release|Any CPU = Release|Any CPU
	EndGlobalSection
	GlobalSection(ProjectConfigurationPlatforms) = postSolution
		{D09D1A47-79AA-42B2-9AD9-C854F0DED986}.Debug|Any CPU.ActiveCfg = Debug|Any CPU
		{D09D1A47-79AA-42B2-9AD9-C854F0DED986}.Debug|Any CPU.Build.0 = Debug|Any CPU
		{D09D1A47-79AA-42B2-9AD9-C854F0DED986}.Release|Any CPU.ActiveCfg = Release|Any CPU
		{D09D1A47-79AA-42B2-9AD9-C854F0DED986}.Release|Any CPU.Build.0 = Release|Any CPU
		{52239AF9-CEAE-42ED-87E4-9F253726AC03}.Debug|Any CPU.ActiveCfg = Debug|Any CPU
		{52239AF9-CEAE-42ED-87E4-9F253726AC03}.Debug|Any CPU.Build.0 = Debug|Any CPU
		{52239AF9-CEAE-42ED-87E4-9F253726AC03}.Release|Any CPU.ActiveCfg = Release|Any CPU
		{52239AF9-CEAE-42ED-87E4-9F253726AC03}.Release|Any CPU.Build.0 = Release|Any CPU
	EndGlobalSection
	GlobalSection(SolutionProperties) = preSolution
		HideSolutionNode = FALSE
	EndGlobalSection
	GlobalSection(ExtensibilityGlobals) = postSolution
		SolutionGuid = {56279A28-B249-4B12-B16F-D3DC8594698E}
	EndGlobalSection
EndGlobal
